
Microsoft Visual Studio Solution File, Format Version 12.00
# Visual Studio Version 17
VisualStudioVersion = 17.2.32526.322
MinimumVisualStudioVersion = 10.0.40219.1
Project("{FAE04EC0-301F-11D3-BF4B-00C04F79EFBC}") = "Logica", "Logica\Logica.csproj", "{CF45798A-B9F6-4688-A883-727979263107}"
EndProject
Project("{FAE04EC0-301F-11D3-BF4B-00C04F79EFBC}") = "Persistencia", "Persistencia\Persistencia.csproj", "{FF31F35B-62B0-4ED9-A0D7-AD097951427E}"
EndProject
Project("{FAE04EC0-301F-11D3-BF4B-00C04F79EFBC}") = "Entidades", "Entidades\Entidades.csproj", "{4E3FCF73-63E0-4657-82D0-CCA0E22470D2}"
EndProject
Project("{FAE04EC0-301F-11D3-BF4B-00C04F79EFBC}") = "RestAplicacion", "RestAplicacion\RestAplicacion.csproj", "{56EAA67B-51BA-4FFF-A1B6-3B08C7C2AE1B}"
EndProject
Project("{FAE04EC0-301F-11D3-BF4B-00C04F79EFBC}") = "SOAP", "SOAP\SOAP.csproj", "{096F6326-7AAE-4CD4-81F8-4531BE3A81BB}"
EndProject
Global
	GlobalSection(SolutionConfigurationPlatforms) = preSolution
		Debug|Any CPU = Debug|Any CPU
		Release|Any CPU = Release|Any CPU
	EndGlobalSection
	GlobalSection(ProjectConfigurationPlatforms) = postSolution
		{CF45798A-B9F6-4688-A883-727979263107}.Debug|Any CPU.ActiveCfg = Debug|Any CPU
		{CF45798A-B9F6-4688-A883-727979263107}.Debug|Any CPU.Build.0 = Debug|Any CPU
		{CF45798A-B9F6-4688-A883-727979263107}.Release|Any CPU.ActiveCfg = Release|Any CPU
		{CF45798A-B9F6-4688-A883-727979263107}.Release|Any CPU.Build.0 = Release|Any CPU
		{FF31F35B-62B0-4ED9-A0D7-AD097951427E}.Debug|Any CPU.ActiveCfg = Debug|Any CPU
		{FF31F35B-62B0-4ED9-A0D7-AD097951427E}.Debug|Any CPU.Build.0 = Debug|Any CPU
		{FF31F35B-62B0-4ED9-A0D7-AD097951427E}.Release|Any CPU.ActiveCfg = Release|Any CPU
		{FF31F35B-62B0-4ED9-A0D7-AD097951427E}.Release|Any CPU.Build.0 = Release|Any CPU
		{4E3FCF73-63E0-4657-82D0-CCA0E22470D2}.Debug|Any CPU.ActiveCfg = Debug|Any CPU
		{4E3FCF73-63E0-4657-82D0-CCA0E22470D2}.Debug|Any CPU.Build.0 = Debug|Any CPU
		{4E3FCF73-63E0-4657-82D0-CCA0E22470D2}.Release|Any CPU.ActiveCfg = Release|Any CPU
		{4E3FCF73-63E0-4657-82D0-CCA0E22470D2}.Release|Any CPU.Build.0 = Release|Any CPU
		{56EAA67B-51BA-4FFF-A1B6-3B08C7C2AE1B}.Debug|Any CPU.ActiveCfg = Debug|Any CPU
		{56EAA67B-51BA-4FFF-A1B6-3B08C7C2AE1B}.Debug|Any CPU.Build.0 = Debug|Any CPU
		{56EAA67B-51BA-4FFF-A1B6-3B08C7C2AE1B}.Release|Any CPU.ActiveCfg = Release|Any CPU
		{56EAA67B-51BA-4FFF-A1B6-3B08C7C2AE1B}.Release|Any CPU.Build.0 = Release|Any CPU
		{096F6326-7AAE-4CD4-81F8-4531BE3A81BB}.Debug|Any CPU.ActiveCfg = Debug|Any CPU
		{096F6326-7AAE-4CD4-81F8-4531BE3A81BB}.Debug|Any CPU.Build.0 = Debug|Any CPU
		{096F6326-7AAE-4CD4-81F8-4531BE3A81BB}.Release|Any CPU.ActiveCfg = Release|Any CPU
		{096F6326-7AAE-4CD4-81F8-4531BE3A81BB}.Release|Any CPU.Build.0 = Release|Any CPU
	EndGlobalSection
	GlobalSection(SolutionProperties) = preSolution
		HideSolutionNode = FALSE
	EndGlobalSection
	GlobalSection(ExtensibilityGlobals) = postSolution
		SolutionGuid = {870F58BA-6F67-4150-B85A-C7A3F2534A97}
	EndGlobalSection
EndGlobal
